github.com/KristianZH/Web-Cat-Leaderboard v0.0.0-20190721203337-fa762034bdb1 h1:6RnSXY2rxSklj2cLA31N6kU4Kct3IxmBVKTh8ekJgvg=
github.com/KristianZH/Web-Cat-Leaderboard v0.0.0-20190721203337-fa762034bdb1/go.mod h1:2tD8S66XtxHVxi8DzmAwgVnqqZdQjsEn5pdqmL9E5XE=
github.com/go-sql-driver/mysql v1.5.0 h1:ozyZYNQW3x3HtqT1jira07DN2PArx2v7/mN66gGcHOs=
github.com/go-sql-driver/mysql v1.5.0/go.mod h1:DCzpHaOWr8IXmIStZouvnhqoel9Qv2LBy8hT2VhHyBg=
